
Microsoft Visual Studio Solution File, Format Version 12.00
# Visual Studio Version 17
VisualStudioVersion = 17.9.34728.123
MinimumVisualStudioVersion = 10.0.40219.1
Project("{9A19103F-16F7-4668-BE54-9A1E7A4F7556}") = "MLSentimentAnalysis", "MLSentimentAnalysis\MLSentimentAnalysis.csproj", "{1885CBE2-70AC-4FDA-A5AB-426031DAC3B1}"
EndProject
Project("{9A19103F-16F7-4668-BE54-9A1E7A4F7556}") = "MLNetSentimentConsole", "MLNetSentimentConsole\MLNetSentimentConsole.csproj", "{6CEA5AE0-5196-4337-8D1F-8EC9702DD406}"
EndProject
Project("{9A19103F-16F7-4668-BE54-9A1E7A4F7556}") = "MLPredictionConsoleApp", "MLPredictionConsoleApp\MLPredictionConsoleApp.csproj", "{8ECD76AF-7068-497C-9D79-414700DBAD0F}"
EndProject
Global
	GlobalSection(SolutionConfigurationPlatforms) = preSolution
		Debug|Any CPU = Debug|Any CPU
		Release|Any CPU = Release|Any CPU
	EndGlobalSection
	GlobalSection(ProjectConfigurationPlatforms) = postSolution
		{1885CBE2-70AC-4FDA-A5AB-426031DAC3B1}.Debug|Any CPU.ActiveCfg = Debug|Any CPU
		{1885CBE2-70AC-4FDA-A5AB-426031DAC3B1}.Debug|Any CPU.Build.0 = Debug|Any CPU
		{1885CBE2-70AC-4FDA-A5AB-426031DAC3B1}.Release|Any CPU.ActiveCfg = Release|Any CPU
		{1885CBE2-70AC-4FDA-A5AB-426031DAC3B1}.Release|Any CPU.Build.0 = Release|Any CPU
		{6CEA5AE0-5196-4337-8D1F-8EC9702DD406}.Debug|Any CPU.ActiveCfg = Debug|Any CPU
		{6CEA5AE0-5196-4337-8D1F-8EC9702DD406}.Debug|Any CPU.Build.0 = Debug|Any CPU
		{6CEA5AE0-5196-4337-8D1F-8EC9702DD406}.Release|Any CPU.ActiveCfg = Release|Any CPU
		{6CEA5AE0-5196-4337-8D1F-8EC9702DD406}.Release|Any CPU.Build.0 = Release|Any CPU
		{8ECD76AF-7068-497C-9D79-414700DBAD0F}.Debug|Any CPU.ActiveCfg = Debug|Any CPU
		{8ECD76AF-7068-497C-9D79-414700DBAD0F}.Debug|Any CPU.Build.0 = Debug|Any CPU
		{8ECD76AF-7068-497C-9D79-414700DBAD0F}.Release|Any CPU.ActiveCfg = Release|Any CPU
		{8ECD76AF-7068-497C-9D79-414700DBAD0F}.Release|Any CPU.Build.0 = Release|Any CPU
	EndGlobalSection
	GlobalSection(SolutionProperties) = preSolution
		HideSolutionNode = FALSE
	EndGlobalSection
	GlobalSection(ExtensibilityGlobals) = postSolution
		SolutionGuid = {CDD8DC7D-3379-4BF5-85FE-A126FB2DFA1F}
	EndGlobalSection
EndGlobal
